
Microsoft Visual Studio Solution File, Format Version 12.00
# Visual Studio 15
VisualStudioVersion = 15.0.26730.12
MinimumVisualStudioVersion = 10.0.40219.1
Project("{FAE04EC0-301F-11D3-BF4B-00C04F79EFBC}") = "MDGameService", "MDGameService\MDGameService.csproj", "{B55D9F2A-7788-4EBC-97C5-E729DAE9ACA2}"
EndProject
Project("{FAE04EC0-301F-11D3-BF4B-00C04F79EFBC}") = "MDGameClient", "MDGameClient\MDGameClient.csproj", "{143F4AAD-5A67-4658-A186-9E10B3850FE8}"
EndProject
Global
	GlobalSection(SolutionConfigurationPlatforms) = preSolution
		Debug|Any CPU = Debug|Any CPU
		Release|Any CPU = Release|Any CPU
	EndGlobalSection
	GlobalSection(ProjectConfigurationPlatforms) = postSolution
		{B55D9F2A-7788-4EBC-97C5-E729DAE9ACA2}.Debug|Any CPU.ActiveCfg = Debug|Any CPU
		{B55D9F2A-7788-4EBC-97C5-E729DAE9ACA2}.Debug|Any CPU.Build.0 = Debug|Any CPU
		{B55D9F2A-7788-4EBC-97C5-E729DAE9ACA2}.Release|Any CPU.ActiveCfg = Release|Any CPU
		{B55D9F2A-7788-4EBC-97C5-E729DAE9ACA2}.Release|Any CPU.Build.0 = Release|Any CPU
		{143F4AAD-5A67-4658-A186-9E10B3850FE8}.Debug|Any CPU.ActiveCfg = Debug|Any CPU
		{143F4AAD-5A67-4658-A186-9E10B3850FE8}.Debug|Any CPU.Build.0 = Debug|Any CPU
		{143F4AAD-5A67-4658-A186-9E10B3850FE8}.Release|Any CPU.ActiveCfg = Release|Any CPU
		{143F4AAD-5A67-4658-A186-9E10B3850FE8}.Release|Any CPU.Build.0 = Release|Any CPU
	EndGlobalSection
	GlobalSection(SolutionProperties) = preSolution
		HideSolutionNode = FALSE
	EndGlobalSection
	GlobalSection(ExtensibilityGlobals) = postSolution
		SolutionGuid = {374459C9-E74E-4736-B058-4160D7F332C3}
	EndGlobalSection
EndGlobal
